{
  "name": "pixel-adom",
  "version": "1.0.0",
  "lockfileVersion": 1,
  "requires": true,
  "dependencies": {
    "adom-js": {
      "version": "0.4.12",
      "resolved": "https://registry.npmjs.org/adom-js/-/adom-js-0.4.12.tgz",
      "integrity": "sha512-iAvkAvmPFTQS655NeeYK33WjI/8XmLvfBet0UEDCIREsnqqA1EmhVO7jj8cOkOQ/pYY0/JEOMA9YJ5LuHzCf1A=="
    }
  }
}
